
Microsoft Visual Studio Solution File, Format Version 12.00
# Visual Studio Version 17
VisualStudioVersion = 17.4.33205.214
MinimumVisualStudioVersion = 10.0.40219.1
Project("{9A19103F-16F7-4668-BE54-9A1E7A4F7556}") = "ZombiesConvert", "ZombiesConvert.csproj", "{70AA7CA2-6321-4257-87CE-2E6CBF11054F}"
EndProject
Global
	GlobalSection(SolutionConfigurationPlatforms) = preSolution
		Debug|Any CPU = Debug|Any CPU
		Release|Any CPU = Release|Any CPU
	EndGlobalSection
	GlobalSection(ProjectConfigurationPlatforms) = postSolution
		{70AA7CA2-6321-4257-87CE-2E6CBF11054F}.Debug|Any CPU.ActiveCfg = Debug|Any CPU
		{70AA7CA2-6321-4257-87CE-2E6CBF11054F}.Debug|Any CPU.Build.0 = Debug|Any CPU
		{70AA7CA2-6321-4257-87CE-2E6CBF11054F}.Release|Any CPU.ActiveCfg = Release|Any CPU
		{70AA7CA2-6321-4257-87CE-2E6CBF11054F}.Release|Any CPU.Build.0 = Release|Any CPU
	EndGlobalSection
	GlobalSection(SolutionProperties) = preSolution
		HideSolutionNode = FALSE
	EndGlobalSection
	GlobalSection(ExtensibilityGlobals) = postSolution
		SolutionGuid = {0B28F11F-AB5C-4304-AFEE-F6FE00E1A461}
	EndGlobalSection
EndGlobal
